// !$*UTF8*$!
{
	archiveVersion = 1;
	classes = {
	};
	objectVersion = 50;
	objects = {

/* Begin PBXBuildFile section */
		2223EA982410F03F00B683C1 /* AppDelegate.swift in Sources */ = {isa = PBXBuildFile; fileRef = 2223EA972410F03F00B683C1 /* AppDelegate.swift */; };
		2223EA9A2410F03F00B683C1 /* SceneDelegate.swift in Sources */ = {isa = PBXBuildFile; fileRef = 2223EA992410F03F00B683C1 /* SceneDelegate.swift */; };
		2223EA9D2410F03F00B683C1 /* CoreDataToDo.xcdatamodeld in Sources */ = {isa = PBXBuildFile; fileRef = 2223EA9B2410F03F00B683C1 /* CoreDataToDo.xcdatamodeld */; };
		2223EA9F2410F03F00B683C1 /* ContentView.swift in Sources */ = {isa = PBXBuildFile; fileRef = 2223EA9E2410F03F00B683C1 /* ContentView.swift */; };
		2223EAA12410F04300B683C1 /* Assets.xcassets in Resources */ = {isa = PBXBuildFile; fileRef = 2223EAA02410F04300B683C1 /* Assets.xcassets */; };
		2223EAA42410F04300B683C1 /* Preview Assets.xcassets in Resources */ = {isa = PBXBuildFile; fileRef = 2223EAA32410F04300B683C1 /* Preview Assets.xcassets */; };
		2223EAA72410F04300B683C1 /* LaunchScreen.storyboard in Resources */ = {isa = PBXBuildFile; fileRef = 2223EAA52410F04300B683C1 /* LaunchScreen.storyboard */; };
		2223EAAF2410F12300B683C1 /* ToDoItem.swift in Sources */ = {isa = PBXBuildFile; fileRef = 2223EAAE2410F12300B683C1 /* ToDoItem.swift */; };
		2223EAB32411058E00B683C1 /* ToDoItemView.swift in Sources */ = {isa = PBXBuildFile; fileRef = 2223EAB22411058E00B683C1 /* ToDoItemView.swift */; };
/* End PBXBuildFile section */

/* Begin PBXFileReference section */
		2223EA942410F03F00B683C1 /* CoreDataToDo.app */ = {isa = PBXFileReference; explicitFileType = wrapper.application; includeInIndex = 0; path = CoreDataToDo.app; sourceTree = BUILT_PRODUCTS_DIR; };
		2223EA972410F03F00B683C1 /* AppDelegate.swift */ = {isa = PBXFileReference; lastKnownFileType = sourcecode.swift; path = AppDelegate.swift; sourceTree = "<group>"; };
		2223EA992410F03F00B683C1 /* SceneDelegate.swift */ = {isa = PBXFileReference; lastKnownFileType = sourcecode.swift; path = SceneDelegate.swift; sourceTree = "<group>"; };
		2223EA9C2410F03F00B683C1 /* CoreDataToDo.xcdatamodel */ = {isa = PBXFileReference; lastKnownFileType = wrapper.xcdatamodel; path = CoreDataToDo.xcdatamodel; sourceTree = "<group>"; };
		2223EA9E2410F03F00B683C1 /* ContentView.swift */ = {isa = PBXFileReference; lastKnownFileType = sourcecode.swift; path = ContentView.swift; sourceTree = "<group>"; };
		2223EAA02410F04300B683C1 /* Assets.xcassets */ = {isa = PBXFileReference; lastKnownFileType = folder.assetcatalog; path = Assets.xcassets; sourceTree = "<group>"; };
		2223EAA32410F04300B683C1 /* Preview Assets.xcassets */ = {isa = PBXFileReference; lastKnownFileType = folder.assetcatalog; path = "Preview Assets.xcassets"; sourceTree = "<group>"; };
		2223EAA62410F04300B683C1 /* Base */ = {isa = PBXFileReference; lastKnownFileType = file.storyboard; name = Base; path = Base.lproj/LaunchScreen.storyboard; sourceTree = "<group>"; };
		2223EAA82410F04300B683C1 /* Info.plist */ = {isa = PBXFileReference; lastKnownFileType = text.plist.xml; path = Info.plist; sourceTree = "<group>"; };
		2223EAAE2410F12300B683C1 /* ToDoItem.swift */ = {isa = PBXFileReference; lastKnownFileType = sourcecode.swift; path = ToDoItem.swift; sourceTree = "<group>"; };
		2223EAB22411058E00B683C1 /* ToDoItemView.swift */ = {isa = PBXFileReference; lastKnownFileType = sourcecode.swift; path = ToDoItemView.swift; sourceTree = "<group>"; };
/* End PBXFileReference section */

/* Begin PBXFrameworksBuildPhase section */
		2223EA912410F03F00B683C1 /* Frameworks */ = {
			isa = PBXFrameworksBuildPhase;
			buildActionMask = 2147483647;
			files = (
			);
			runOnlyForDeploymentPostprocessing = 0;
		};
/* End PBXFrameworksBuildPhase section */

/* Begin PBXGroup section */
		2223EA8B2410F03F00B683C1 = {
			isa = PBXGroup;
			children = (
				2223EA962410F03F00B683C1 /* CoreDataToDo */,
				2223EA952410F03F00B683C1 /* Products */,
			);
			sourceTree = "<group>";
		};
		2223EA952410F03F00B683C1 /* Products */ = {
			isa = PBXGroup;
			children = (
				2223EA942410F03F00B683C1 /* CoreDataToDo.app */,
			);
			name = Products;
			sourceTree = "<group>";
		};
		2223EA962410F03F00B683C1 /* CoreDataToDo */ = {
			isa = PBXGroup;
			children = (
				2223EA972410F03F00B683C1 /* AppDelegate.swift */,
				2223EA992410F03F00B683C1 /* SceneDelegate.swift */,
				2223EA9E2410F03F00B683C1 /* ContentView.swift */,
				2223EAB22411058E00B683C1 /* ToDoItemView.swift */,
				2223EAAE2410F12300B683C1 /* ToDoItem.swift */,
				2223EAA02410F04300B683C1 /* Assets.xcassets */,
				2223EAA52410F04300B683C1 /* LaunchScreen.storyboard */,
				2223EAA82410F04300B683C1 /* Info.plist */,
				2223EA9B2410F03F00B683C1 /* CoreDataToDo.xcdatamodeld */,
				2223EAA22410F04300B683C1 /* Preview Content */,
			);
			path = CoreDataToDo;
			sourceTree = "<group>";
		};
		2223EAA22410F04300B683C1 /* Preview Content */ = {
			isa = PBXGroup;
			children = (
				2223EAA32410F04300B683C1 /* Preview Assets.xcassets */,
			);
			path = "Preview Content";
			sourceTree = "<group>";
		};
/* End PBXGroup section */

/* Begin PBXNativeTarget section */
		2223EA932410F03F00B683C1 /* CoreDataToDo */ = {
			isa = PBXNativeTarget;
			buildConfigurationList = 2223EAAB2410F04300B683C1 /* Build configuration list for PBXNativeTarget "CoreDataToDo" */;
			buildPhases = (
				2223EA902410F03F00B683C1 /* Sources */,
				2223EA912410F03F00B683C1 /* Frameworks */,
				2223EA922410F03F00B683C1 /* Resources */,
			);
			buildRules = (
			);
			dependencies = (
			);
			name = CoreDataToDo;
			productName = CoreDataToDo;
			productReference = 2223EA942410F03F00B683C1 /* CoreDataToDo.app */;
			productType = "com.apple.product-type.application";
		};
/* End PBXNativeTarget section */

/* Begin PBXProject section */
		2223EA8C2410F03F00B683C1 /* Project object */ = {
			isa = PBXProject;
			attributes = {
				LastSwiftUpdateCheck = 1130;
				LastUpgradeCheck = 1130;
				ORGANIZATIONNAME = "Pranav Badgi";
				TargetAttributes = {
					2223EA932410F03F00B683C1 = {
						CreatedOnToolsVersion = 11.3.1;
					};
				};
			};
			buildConfigurationList = 2223EA8F2410F03F00B683C1 /* Build configuration list for PBXProject "CoreDataToDo" */;
			compatibilityVersion = "Xcode 9.3";
			developmentRegion = en;
			hasScannedForEncodings = 0;
			knownRegions = (
				en,
				Base,
			);
			mainGroup = 2223EA8B2410F03F00B683C1;
			productRefGroup = 2223EA952410F03F00B683C1 /* Products */;
			projectDirPath = "";
			projectRoot = "";
			targets = (
				2223EA932410F03F00B683C1 /* CoreDataToDo */,
			);
		};
/* End PBXProject section */

/* Begin PBXResourcesBuildPhase section */
		2223EA922410F03F00B683C1 /* Resources */ = {
			isa = PBXResourcesBuildPhase;
			buildActionMask = 2147483647;
			files = (
				2223EAA72410F04300B683C1 /* LaunchScreen.storyboard in Resources */,
				2223EAA42410F04300B683C1 /* Preview Assets.xcassets in Resources */,
				2223EAA12410F04300B683C1 /* Assets.xcassets in Resources */,
			);
			runOnlyForDeploymentPostprocessing = 0;
		};
/* End PBXResourcesBuildPhase section */

/* Begin PBXSourcesBuildPhase section */
		2223EA902410F03F00B683C1 /* Sources */ = {
			isa = PBXSourcesBuildPhase;
			buildActionMask = 2147483647;
			files = (
				2223EA982410F03F00B683C1 /* AppDelegate.swift in Sources */,
				2223EAB32411058E00B683C1 /* ToDoItemView.swift in Sources */,
				2223EA9A2410F03F00B683C1 /* SceneDelegate.swift in Sources */,
				2223EAAF2410F12300B683C1 /* ToDoItem.swift in Sources */,
				2223EA9F2410F03F00B683C1 /* ContentView.swift in Sources */,
				2223EA9D2410F03F00B683C1 /* CoreDataToDo.xcdatamodeld in Sources */,
			);
			runOnlyForDeploymentPostprocessing = 0;
		};
/* End PBXSourcesBuildPhase section */

/* Begin PBXVariantGroup section */
		2223EAA52410F04300B683C1 /* LaunchScreen.storyboard */ = {
			isa = PBXVariantGroup;
			children = (
				2223EAA62410F04300B683C1 /* Base */,
			);
			name = LaunchScreen.storyboard;
			sourceTree = "<group>";
		};
/* End PBXVariantGroup section */

/* Begin XCBuildConfiguration section */
		2223EAA92410F04300B683C1 /* Debug */ = {
			isa = XCBuildConfiguration;
			buildSettings = {
				ALWAYS_SEARCH_USER_PATHS = NO;
				CLANG_ANALYZER_NONNULL = YES;
				CLANG_ANALYZER_NUMBER_OBJECT_CONVERSION = YES_AGGRESSIVE;
				CLANG_CXX_LANGUAGE_STANDARD = "gnu++14";
				CLANG_CXX_LIBRARY = "libc++";
				CLANG_ENABLE_MODULES = YES;
				CLANG_ENABLE_OBJC_ARC = YES;
				CLANG_ENABLE_OBJC_WEAK = YES;
				CLANG_WARN_BLOCK_CAPTURE_AUTORELEASING = YES;
				CLANG_WARN_BOOL_CONVERSION = YES;
				CLANG_WARN_COMMA = YES;
				CLANG_WARN_CONSTANT_CONVERSION = YES;
				CLANG_WARN_DEPRECATED_OBJC_IMPLEMENTATIONS = YES;
				CLANG_WARN_DIRECT_OBJC_ISA_USAGE = YES_ERROR;
				CLANG_WARN_DOCUMENTATION_COMMENTS = YES;
				CLANG_WARN_EMPTY_BODY = YES;
				CLANG_WARN_ENUM_CONVERSION = YES;
				CLANG_WARN_INFINITE_RECURSION = YES;
				CLANG_WARN_INT_CONVERSION = YES;
				CLANG_WARN_NON_LITERAL_NULL_CONVERSION = YES;
				CLANG_WARN_OBJC_IMPLICIT_RETAIN_SELF = YES;
				CLANG_WARN_OBJC_LITERAL_CONVERSION = YES;
				CLANG_WARN_OBJC_ROOT_CLASS = YES_ERROR;
				CLANG_WARN_RANGE_LOOP_ANALYSIS = YES;
				CLANG_WARN_STRICT_PROTOTYPES = YES;
				CLANG_WARN_SUSPICIOUS_MOVE = YES;
				CLANG_WARN_UNGUARDED_AVAILABILITY = YES_AGGRESSIVE;
				CLANG_WARN_UNREACHABLE_CODE = YES;
				CLANG_WARN__DUPLICATE_METHOD_MATCH = YES;
				COPY_PHASE_STRIP = NO;
				DEBUG_INFORMATION_FORMAT = dwarf;
				ENABLE_STRICT_OBJC_MSGSEND = YES;
				ENABLE_TESTABILITY = YES;
				GCC_C_LANGUAGE_STANDARD = gnu11;
				GCC_DYNAMIC_NO_PIC = NO;
				GCC_NO_COMMON_BLOCKS = YES;
				GCC_OPTIMIZATION_LEVEL = 0;
				GCC_PREPROCESSOR_DEFINITIONS = (
					"DEBUG=1",
					"$(inherited)",
				);
				GCC_WARN_64_TO_32_BIT_CONVERSION = YES;
				GCC_WARN_ABOUT_RETURN_TYPE = YES_ERROR;
				GCC_WARN_UNDECLARED_SELECTOR = YES;
				GCC_WARN_UNINITIALIZED_AUTOS = YES_AGGRESSIVE;
				GCC_WARN_UNUSED_FUNCTION = YES;
				GCC_WARN_UNUSED_VARIABLE = YES;
				IPHONEOS_DEPLOYMENT_TARGET = 13.2;
				MTL_ENABLE_DEBUG_INFO = INCLUDE_SOURCE;
				MTL_FAST_MATH = YES;
				ONLY_ACTIVE_ARCH = YES;
				SDKROOT = iphoneos;
				SWIFT_ACTIVE_COMPILATION_CONDITIONS = DEBUG;
				SWIFT_OPTIMIZATION_LEVEL = "-Onone";
			};
			name = Debug;
		};
		2223EAAA2410F04300B683C1 /* Release */ = {
			isa = XCBuildConfiguration;
			buildSettings = {
				ALWAYS_SEARCH_USER_PATHS = NO;
				CLANG_ANALYZER_NONNULL = YES;
				CLANG_ANALYZER_NUMBER_OBJECT_CONVERSION = YES_AGGRESSIVE;
				CLANG_CXX_LANGUAGE_STANDARD = "gnu++14";
				CLANG_CXX_LIBRARY = "libc++";
				CLANG_ENABLE_MODULES = YES;
				CLANG_ENABLE_OBJC_ARC = YES;
				CLANG_ENABLE_OBJC_WEAK = YES;
				CLANG_WARN_BLOCK_CAPTURE_AUTORELEASING = YES;
				CLANG_WARN_BOOL_CONVERSION = YES;
				CLANG_WARN_COMMA = YES;
				CLANG_WARN_CONSTANT_CONVERSION = YES;
				CLANG_WARN_DEPRECATED_OBJC_IMPLEMENTATIONS = YES;
				CLANG_WARN_DIRECT_OBJC_ISA_USAGE = YES_ERROR;
				CLANG_WARN_DOCUMENTATION_COMMENTS = YES;
				CLANG_WARN_EMPTY_BODY = YES;
				CLANG_WARN_ENUM_CONVERSION = YES;
				CLANG_WARN_INFINITE_RECURSION = YES;
				CLANG_WARN_INT_CONVERSION = YES;
				CLANG_WARN_NON_LITERAL_NULL_CONVERSION = YES;
				CLANG_WARN_OBJC_IMPLICIT_RETAIN_SELF = YES;
				CLANG_WARN_OBJC_LITERAL_CONVERSION = YES;
				CLANG_WARN_OBJC_ROOT_CLASS = YES_ERROR;
				CLANG_WARN_RANGE_LOOP_ANALYSIS = YES;
				CLANG_WARN_STRICT_PROTOTYPES = YES;
				CLANG_WARN_SUSPICIOUS_MOVE = YES;
				CLANG_WARN_UNGUARDED_AVAILABILITY = YES_AGGRESSIVE;
				CLANG_WARN_UNREACHABLE_CODE = YES;
				CLANG_WARN__DUPLICATE_METHOD_MATCH = YES;
				COPY_PHASE_STRIP = NO;
				DEBUG_INFORMATION_FORMAT = "dwarf-with-dsym";
				ENABLE_NS_ASSERTIONS = NO;
				ENABLE_STRICT_OBJC_MSGSEND = YES;
				GCC_C_LANGUAGE_STANDARD = gnu11;
				GCC_NO_COMMON_BLOCKS = YES;
				GCC_WARN_64_TO_32_BIT_CONVERSION = YES;
				GCC_WARN_ABOUT_RETURN_TYPE = YES_ERROR;
				GCC_WARN_UNDECLARED_SELECTOR = YES;
				GCC_WARN_UNINITIALIZED_AUTOS = YES_AGGRESSIVE;
				GCC_WARN_UNUSED_FUNCTION = YES;
				GCC_WARN_UNUSED_VARIABLE = YES;
				IPHONEOS_DEPLOYMENT_TARGET = 13.2;
				MTL_ENABLE_DEBUG_INFO = NO;
				MTL_FAST_MATH = YES;
				SDKROOT = iphoneos;
				SWIFT_COMPILATION_MODE = wholemodule;
				SWIFT_OPTIMIZATION_LEVEL = "-O";
				VALIDATE_PRODUCT = YES;
			};
			name = Release;
		};
		2223EAAC2410F04300B683C1 /* Debug */ = {
			isa = XCBuildConfiguration;
			buildSettings = {
				ASSETCATALOG_COMPILER_APPICON_NAME = AppIcon;
				CODE_SIGN_STYLE = Automatic;
				DEVELOPMENT_ASSET_PATHS = "\"CoreDataToDo/Preview Content\"";
				DEVELOPMENT_TEAM = QNJADY7N3K;
				ENABLE_PREVIEWS = YES;
				INFOPLIST_FILE = CoreDataToDo/Info.plist;
				LD_RUNPATH_SEARCH_PATHS = (
					"$(inherited)",
					"@executable_path/Frameworks",
				);
				PRODUCT_BUNDLE_IDENTIFIER = ft.CoreDataToDo;
				PRODUCT_NAME = "$(TARGET_NAME)";
				SWIFT_VERSION = 5.0;
				TARGETED_DEVICE_FAMILY = "1,2";
			};
			name = Debug;
		};
		2223EAAD2410F04300B683C1 /* Release */ = {
			isa = XCBuildConfiguration;
			buildSettings = {
				ASSETCATALOG_COMPILER_APPICON_NAME = AppIcon;
				CODE_SIGN_STYLE = Automatic;
				DEVELOPMENT_ASSET_PATHS = "\"CoreDataToDo/Preview Content\"";
				DEVELOPMENT_TEAM = QNJADY7N3K;
				ENABLE_PREVIEWS = YES;
				INFOPLIST_FILE = CoreDataToDo/Info.plist;
				LD_RUNPATH_SEARCH_PATHS = (
					"$(inherited)",
					"@executable_path/Frameworks",
				);
				PRODUCT_BUNDLE_IDENTIFIER = ft.CoreDataToDo;
				PRODUCT_NAME = "$(TARGET_NAME)";
				SWIFT_VERSION = 5.0;
				TARGETED_DEVICE_FAMILY = "1,2";
			};
			name = Release;
		};
/* End XCBuildConfiguration section */

/* Begin XCConfigurationList section */
		2223EA8F2410F03F00B683C1 /* Build configuration list for PBXProject "CoreDataToDo" */ = {
			isa = XCConfigurationList;
			buildConfigurations = (
				2223EAA92410F04300B683C1 /* Debug */,
				2223EAAA2410F04300B683C1 /* Release */,
			);
			defaultConfigurationIsVisible = 0;
			defaultConfigurationName = Release;
		};
		2223EAAB2410F04300B683C1 /* Build configuration list for PBXNativeTarget "CoreDataToDo" */ = {
			isa = XCConfigurationList;
			buildConfigurations = (
				2223EAAC2410F04300B683C1 /* Debug */,
				2223EAAD2410F04300B683C1 /* Release */,
			);
			defaultConfigurationIsVisible = 0;
			defaultConfigurationName = Release;
		};
/* End XCConfigurationList section */

/* Begin XCVersionGroup section */
		2223EA9B2410F03F00B683C1 /* CoreDataToDo.xcdatamodeld */ = {
			isa = XCVersionGroup;
			children = (
				2223EA9C2410F03F00B683C1 /* CoreDataToDo.xcdatamodel */,
			);
			currentVersion = 2223EA9C2410F03F00B683C1 /* CoreDataToDo.xcdatamodel */;
			path = CoreDataToDo.xcdatamodeld;
			sourceTree = "<group>";
			versionGroupType = wrapper.xcdatamodel;
		};
/* End XCVersionGroup section */
	};
	rootObject = 2223EA8C2410F03F00B683C1 /* Project object */;
}
